
Microsoft Visual Studio Solution File, Format Version 12.00
# Visual Studio Version 17
VisualStudioVersion = 17.14.36203.30 d17.14
MinimumVisualStudioVersion = 10.0.40219.1
Project("{FAE04EC0-301F-11D3-BF4B-00C04F79EFBC}") = "SampleCode", "SampleCode\SampleCode.csproj", "{2D9946C2-5589-44EF-9702-9D5E5C0E4E6C}"
EndProject
Global
	GlobalSection(SolutionConfigurationPlatforms) = preSolution
		Debug|Any CPU = Debug|Any CPU
		Release|Any CPU = Release|Any CPU
	EndGlobalSection
	GlobalSection(ProjectConfigurationPlatforms) = postSolution
		{2D9946C2-5589-44EF-9702-9D5E5C0E4E6C}.Debug|Any CPU.ActiveCfg = Debug|Any CPU
		{2D9946C2-5589-44EF-9702-9D5E5C0E4E6C}.Debug|Any CPU.Build.0 = Debug|Any CPU
		{2D9946C2-5589-44EF-9702-9D5E5C0E4E6C}.Release|Any CPU.ActiveCfg = Release|Any CPU
		{2D9946C2-5589-44EF-9702-9D5E5C0E4E6C}.Release|Any CPU.Build.0 = Release|Any CPU
	EndGlobalSection
	GlobalSection(SolutionProperties) = preSolution
		HideSolutionNode = FALSE
	EndGlobalSection
	GlobalSection(ExtensibilityGlobals) = postSolution
		SolutionGuid = {0B44E156-DE0C-4D83-8A3E-396EB68056A5}
	EndGlobalSection
EndGlobal
